<?xml version="1.0" encoding="utf-8"?>
<Project ToolsVersion="4.0" xmlns="http://schemas.microsoft.com/developer/msbuild/2003">
  <ItemGroup>
    <Filter Include="Engine">
      <UniqueIdentifier>{eb810dd9-5246-4d83-8948-e4fb4fee67a4}</UniqueIdentifier>
    </Filter>
    <Filter Include="Game">
      <UniqueIdentifier>{22153f71-843b-40da-b85f-09e1c07a2caf}</UniqueIdentifier>
    </Filter>
    <Filter Include="Engine\Entity">
      <UniqueIdentifier>{ec68a532-1ef0-4c5e-a631-a54ac16dae69}</UniqueIdentifier>
    </Filter>
    <Filter Include="Engine\Math">
      <UniqueIdentifier>{bc7eb483-8552-44d9-b853-137021a4f04d}</UniqueIdentifier>
    </Filter>
  </ItemGroup>
  <ItemGroup>
    <ClCompile Include="..\framework\engine.cpp">
      <Filter>Engine</Filter>
    </ClCompile>
    <ClCompile Include="..\framework\scene.cpp">
      <Filter>Engine</Filter>
    </ClCompile>
    <ClCompile Include="..\game_cpp\game.cpp">
      <Filter>Game</Filter>
    </ClCompile>
    <ClCompile Include="..\game_cpp\main.cpp">
      <Filter>Game</Filter>
    </ClCompile>
    <ClCompile Include="..\framework\entity\entity.cpp">
      <Filter>Engine\Entity</Filter>
    </ClCompile>
    <ClCompile Include="..\framework\math\vector.cpp">
      <Filter>Engine\Math</Filter>
    </ClCompile>
    <ClCompile Include="ship.cpp" />
    <ClCompile Include="Aircraft.cpp" />
    <ClCompile Include="aircraft_controller.cpp" />
  </ItemGroup>
  <ItemGroup>
    <ClInclude Include="..\framework\engine.hpp">
      <Filter>Engine</Filter>
    </ClInclude>
    <ClInclude Include="..\framework\game.hpp">
      <Filter>Engine</Filter>
    </ClInclude>
    <ClInclude Include="..\framework\scene.hpp">
      <Filter>Engine</Filter>
    </ClInclude>
    <ClInclude Include="..\framework\entity\entity.hpp">
      <Filter>Engine\Entity</Filter>
    </ClInclude>
    <ClInclude Include="..\framework\math\vector.hpp">
      <Filter>Engine\Math</Filter>
    </ClInclude>
    <ClInclude Include="Aircraft.h" />
    <ClInclude Include="aircraft_controller.hpp" />
    <ClInclude Include="ship.hpp" />
  </ItemGroup>
</Project>